
Microsoft Visual Studio Solution File, Format Version 12.00
# Visual Studio Version 17
VisualStudioVersion = 17.9.34902.65
MinimumVisualStudioVersion = 10.0.40219.1
Project("{2150E333-8FDC-42A3-9474-1A3956D46DE8}") = "Solution Items", "Solution Items", "{6F530D2E-63EA-46AE-9A35-D7B7E2A8D728}"
	ProjectSection(SolutionItems) = preProject
		src\docker-compose.override.yml = src\docker-compose.override.yml
		global.json = global.json
		Microservice.png = Microservice.png
		README.md = README.md
	EndProjectSection
EndProject
Project("{2150E333-8FDC-42A3-9474-1A3956D46DE8}") = "src", "src", "{94F5D2A9-EF65-4003-9523-9E0934821C71}"
	ProjectSection(SolutionItems) = preProject
		src\docker-compose.yml = src\docker-compose.yml
	EndProjectSection
EndProject
Project("{2150E333-8FDC-42A3-9474-1A3956D46DE8}") = "tests", "tests", "{5B923532-B02A-4436-B2B7-F381F6BF50BA}"
EndProject
Project("{2150E333-8FDC-42A3-9474-1A3956D46DE8}") = "ApiGateways", "ApiGateways", "{F113B75C-391D-4747-9DA7-4E3ECA3B4623}"
EndProject
Project("{2150E333-8FDC-42A3-9474-1A3956D46DE8}") = "BuildingBlocks", "BuildingBlocks", "{FF0A237E-B2DC-4A33-89B7-33BEEE4A674E}"
EndProject
Project("{2150E333-8FDC-42A3-9474-1A3956D46DE8}") = "Services", "Services", "{92116528-834D-4C6A-BD73-32A11825EC0E}"
EndProject
Project("{2150E333-8FDC-42A3-9474-1A3956D46DE8}") = "WebApps", "WebApps", "{41BB4018-97F1-43B4-A356-13FADF518B5B}"
EndProject
Project("{9A19103F-16F7-4668-BE54-9A1E7A4F7556}") = "Common.Logging", "src\BuildingBlocks\Common.Logging\Common.Logging.csproj", "{3A7D7756-607E-4C89-B5CB-FB97F84E6A14}"
EndProject
Project("{9A19103F-16F7-4668-BE54-9A1E7A4F7556}") = "EventBus.Messages", "src\BuildingBlocks\EventBus.Messages\EventBus.Messages.csproj", "{CB9C578C-A092-436F-AF76-18A6A7594094}"
EndProject
Project("{2150E333-8FDC-42A3-9474-1A3956D46DE8}") = "Product", "Product", "{2612653E-B40D-423E-8DAD-83BEFE63A3AE}"
EndProject
Project("{2150E333-8FDC-42A3-9474-1A3956D46DE8}") = "Customer", "Customer", "{43BBF856-F392-4393-9DF6-994B180C8516}"
EndProject
Project("{2150E333-8FDC-42A3-9474-1A3956D46DE8}") = "Basket", "Basket", "{20DE2F09-4832-4F03-8D3F-E1FB9F32144E}"
EndProject
Project("{2150E333-8FDC-42A3-9474-1A3956D46DE8}") = "Ordering", "Ordering", "{C259F767-94DB-4509-A1E0-098C165570CE}"
EndProject
Project("{2150E333-8FDC-42A3-9474-1A3956D46DE8}") = "Inventory", "Inventory", "{3CC2DBC9-1CE6-482C-A752-FDEFBABA1F7B}"
EndProject
Project("{2150E333-8FDC-42A3-9474-1A3956D46DE8}") = "ScheduledJob", "ScheduledJob", "{E58FA72D-28D6-4D0F-AD6D-E006CB740B38}"
EndProject
Project("{9A19103F-16F7-4668-BE54-9A1E7A4F7556}") = "Contracts", "src\BuildingBlocks\Contracts\Contracts.csproj", "{885D3390-EFD7-4ECA-ADF2-5432E535038B}"
EndProject
Project("{9A19103F-16F7-4668-BE54-9A1E7A4F7556}") = "Infrastructure", "src\BuildingBlocks\Infrastructure\Infrastructure.csproj", "{E6CE4B92-4D6D-4C8A-BDEB-5222ACC63B55}"
EndProject
Project("{9A19103F-16F7-4668-BE54-9A1E7A4F7556}") = "Shared", "src\BuildingBlocks\Shared\Shared.csproj", "{DE1A9A80-BD62-4798-9AA2-3B46CF80B270}"
EndProject
Project("{9A19103F-16F7-4668-BE54-9A1E7A4F7556}") = "Product.API", "src\Services\Product\Product.API\Product.API.csproj", "{A5B64C8C-FC3D-4ADB-AA13-C3CA5742C71E}"
EndProject
Project("{FAE04EC0-301F-11D3-BF4B-00C04F79EFBC}") = "Product.Services", "src\Services\Product\Product.Services\Product.Services.csproj", "{004EC43A-58EC-493B-9878-65CE1EC4A6F7}"
EndProject
Project("{FAE04EC0-301F-11D3-BF4B-00C04F79EFBC}") = "Product.Repositories", "src\Services\Product\Product.Repositories\Product.Repositories.csproj", "{CB388E4D-DA7E-497C-B6F7-48DB2646E458}"
EndProject
Project("{FAE04EC0-301F-11D3-BF4B-00C04F79EFBC}") = "Basket.API", "src\Services\Basket\Basket.API\Basket.API.csproj", "{65DA1CBD-FB39-4E64-9E0A-2B94BAD43B6B}"
EndProject
Project("{FAE04EC0-301F-11D3-BF4B-00C04F79EFBC}") = "Customer.API", "src\Services\Customer\Customer.API\Customer.API.csproj", "{9681762B-CFBC-4956-A011-47673C55FE7A}"
EndProject
Project("{FAE04EC0-301F-11D3-BF4B-00C04F79EFBC}") = "Inventory.Product.API", "src\Services\Inventory.Product\Inventory.Product.API\Inventory.Product.API.csproj", "{1AA20E73-1A42-42D2-A71B-7A5C3D2EE329}"
EndProject
Project("{FAE04EC0-301F-11D3-BF4B-00C04F79EFBC}") = "Ordering.API", "src\Services\Ordering\Ordering.API\Ordering.API.csproj", "{A196A95B-149C-460A-8F42-8DB642061C25}"
EndProject
Project("{FAE04EC0-301F-11D3-BF4B-00C04F79EFBC}") = "HangFire.API", "src\Services\Hangfire\HangFire.API\HangFire.API.csproj", "{68EA0C8E-4E74-4FDB-AE81-F55C3E723FFA}"
EndProject
Project("{FAE04EC0-301F-11D3-BF4B-00C04F79EFBC}") = "WebHealthStatus.MVC", "src\WebApps\WebHealthStatus\WebHealthStatus.MVC\WebHealthStatus.MVC.csproj", "{D347AF72-3255-4A22-B223-8B35A0197419}"
EndProject
Project("{FAE04EC0-301F-11D3-BF4B-00C04F79EFBC}") = "OcelotApiGateway", "src\ApiGateways\OcelotApiGateway\OcelopApiGateway.API\OcelotApiGateway.csproj", "{EEE37B7B-4EDB-44EB-9CCC-3B064EC5936B}"
EndProject
Project("{FAE04EC0-301F-11D3-BF4B-00C04F79EFBC}") = "Customer.Services", "src\Services\Customer\Customer.Services\Customer.Services.csproj", "{3554B15B-D15F-4BF4-8A8A-29E6B292E728}"
EndProject
Project("{FAE04EC0-301F-11D3-BF4B-00C04F79EFBC}") = "Customer.Repositories", "src\Services\Customer\Customer.Repositories\Customer.Repositories.csproj", "{BB9C8814-7E5B-4509-B79B-7BEFA59832C0}"
EndProject
Project("{FAE04EC0-301F-11D3-BF4B-00C04F79EFBC}") = "Basket.Services", "src\Services\Basket\Basket.Services\Basket.Services.csproj", "{1DAEF25E-CBD4-4E93-900B-C67E4DD7C3FD}"
EndProject
Project("{FAE04EC0-301F-11D3-BF4B-00C04F79EFBC}") = "Basket.Repositories", "src\Services\Basket\Basket.Repositories\Basket.Repositories.csproj", "{A1CDBE81-8777-40B3-BE29-CF0AE334A19F}"
EndProject
Project("{FAE04EC0-301F-11D3-BF4B-00C04F79EFBC}") = "Ordering.Persistence", "src\Services\Ordering\Ordering.Persistence\Ordering.Persistence.csproj", "{A611A839-9C00-48DD-B84D-D96BE69C5ABF}"
EndProject
Project("{FAE04EC0-301F-11D3-BF4B-00C04F79EFBC}") = "Ordering.Application", "src\Services\Ordering\Ordering.Application\Ordering.Application.csproj", "{B4DB37E5-D7C3-48A0-A4DF-E0D2A8A07E31}"
EndProject
Project("{FAE04EC0-301F-11D3-BF4B-00C04F79EFBC}") = "Ordering.Domain", "src\Services\Ordering\Ordering.Domain\Ordering.Domain.csproj", "{E9A31D2B-E7A2-453C-8428-0E8E768A1826}"
EndProject
Project("{FAE04EC0-301F-11D3-BF4B-00C04F79EFBC}") = "Ordering.Infrastructure", "src\Services\Ordering\Ordering.Infrastructure\Ordering.Infrastructure.csproj", "{5626FB6E-433C-4236-9BEC-38170CC5EFB8}"
EndProject
Global
	GlobalSection(SolutionConfigurationPlatforms) = preSolution
		Debug|Any CPU = Debug|Any CPU
		Release|Any CPU = Release|Any CPU
	EndGlobalSection
	GlobalSection(ProjectConfigurationPlatforms) = postSolution
		{3A7D7756-607E-4C89-B5CB-FB97F84E6A14}.Debug|Any CPU.ActiveCfg = Debug|Any CPU
		{3A7D7756-607E-4C89-B5CB-FB97F84E6A14}.Debug|Any CPU.Build.0 = Debug|Any CPU
		{3A7D7756-607E-4C89-B5CB-FB97F84E6A14}.Release|Any CPU.ActiveCfg = Release|Any CPU
		{3A7D7756-607E-4C89-B5CB-FB97F84E6A14}.Release|Any CPU.Build.0 = Release|Any CPU
		{CB9C578C-A092-436F-AF76-18A6A7594094}.Debug|Any CPU.ActiveCfg = Debug|Any CPU
		{CB9C578C-A092-436F-AF76-18A6A7594094}.Debug|Any CPU.Build.0 = Debug|Any CPU
		{CB9C578C-A092-436F-AF76-18A6A7594094}.Release|Any CPU.ActiveCfg = Release|Any CPU
		{CB9C578C-A092-436F-AF76-18A6A7594094}.Release|Any CPU.Build.0 = Release|Any CPU
		{885D3390-EFD7-4ECA-ADF2-5432E535038B}.Debug|Any CPU.ActiveCfg = Debug|Any CPU
		{885D3390-EFD7-4ECA-ADF2-5432E535038B}.Debug|Any CPU.Build.0 = Debug|Any CPU
		{885D3390-EFD7-4ECA-ADF2-5432E535038B}.Release|Any CPU.ActiveCfg = Release|Any CPU
		{885D3390-EFD7-4ECA-ADF2-5432E535038B}.Release|Any CPU.Build.0 = Release|Any CPU
		{E6CE4B92-4D6D-4C8A-BDEB-5222ACC63B55}.Debug|Any CPU.ActiveCfg = Debug|Any CPU
		{E6CE4B92-4D6D-4C8A-BDEB-5222ACC63B55}.Debug|Any CPU.Build.0 = Debug|Any CPU
		{E6CE4B92-4D6D-4C8A-BDEB-5222ACC63B55}.Release|Any CPU.ActiveCfg = Release|Any CPU
		{E6CE4B92-4D6D-4C8A-BDEB-5222ACC63B55}.Release|Any CPU.Build.0 = Release|Any CPU
		{DE1A9A80-BD62-4798-9AA2-3B46CF80B270}.Debug|Any CPU.ActiveCfg = Debug|Any CPU
		{DE1A9A80-BD62-4798-9AA2-3B46CF80B270}.Debug|Any CPU.Build.0 = Debug|Any CPU
		{DE1A9A80-BD62-4798-9AA2-3B46CF80B270}.Release|Any CPU.ActiveCfg = Release|Any CPU
		{DE1A9A80-BD62-4798-9AA2-3B46CF80B270}.Release|Any CPU.Build.0 = Release|Any CPU
		{A5B64C8C-FC3D-4ADB-AA13-C3CA5742C71E}.Debug|Any CPU.ActiveCfg = Debug|Any CPU
		{A5B64C8C-FC3D-4ADB-AA13-C3CA5742C71E}.Debug|Any CPU.Build.0 = Debug|Any CPU
		{A5B64C8C-FC3D-4ADB-AA13-C3CA5742C71E}.Release|Any CPU.ActiveCfg = Release|Any CPU
		{A5B64C8C-FC3D-4ADB-AA13-C3CA5742C71E}.Release|Any CPU.Build.0 = Release|Any CPU
		{004EC43A-58EC-493B-9878-65CE1EC4A6F7}.Debug|Any CPU.ActiveCfg = Debug|Any CPU
		{004EC43A-58EC-493B-9878-65CE1EC4A6F7}.Debug|Any CPU.Build.0 = Debug|Any CPU
		{004EC43A-58EC-493B-9878-65CE1EC4A6F7}.Release|Any CPU.ActiveCfg = Release|Any CPU
		{004EC43A-58EC-493B-9878-65CE1EC4A6F7}.Release|Any CPU.Build.0 = Release|Any CPU
		{CB388E4D-DA7E-497C-B6F7-48DB2646E458}.Debug|Any CPU.ActiveCfg = Debug|Any CPU
		{CB388E4D-DA7E-497C-B6F7-48DB2646E458}.Debug|Any CPU.Build.0 = Debug|Any CPU
		{CB388E4D-DA7E-497C-B6F7-48DB2646E458}.Release|Any CPU.ActiveCfg = Release|Any CPU
		{CB388E4D-DA7E-497C-B6F7-48DB2646E458}.Release|Any CPU.Build.0 = Release|Any CPU
		{65DA1CBD-FB39-4E64-9E0A-2B94BAD43B6B}.Debug|Any CPU.ActiveCfg = Debug|Any CPU
		{65DA1CBD-FB39-4E64-9E0A-2B94BAD43B6B}.Debug|Any CPU.Build.0 = Debug|Any CPU
		{65DA1CBD-FB39-4E64-9E0A-2B94BAD43B6B}.Release|Any CPU.ActiveCfg = Release|Any CPU
		{65DA1CBD-FB39-4E64-9E0A-2B94BAD43B6B}.Release|Any CPU.Build.0 = Release|Any CPU
		{9681762B-CFBC-4956-A011-47673C55FE7A}.Debug|Any CPU.ActiveCfg = Debug|Any CPU
		{9681762B-CFBC-4956-A011-47673C55FE7A}.Debug|Any CPU.Build.0 = Debug|Any CPU
		{9681762B-CFBC-4956-A011-47673C55FE7A}.Release|Any CPU.ActiveCfg = Release|Any CPU
		{9681762B-CFBC-4956-A011-47673C55FE7A}.Release|Any CPU.Build.0 = Release|Any CPU
		{1AA20E73-1A42-42D2-A71B-7A5C3D2EE329}.Debug|Any CPU.ActiveCfg = Debug|Any CPU
		{1AA20E73-1A42-42D2-A71B-7A5C3D2EE329}.Debug|Any CPU.Build.0 = Debug|Any CPU
		{1AA20E73-1A42-42D2-A71B-7A5C3D2EE329}.Release|Any CPU.ActiveCfg = Release|Any CPU
		{1AA20E73-1A42-42D2-A71B-7A5C3D2EE329}.Release|Any CPU.Build.0 = Release|Any CPU
		{A196A95B-149C-460A-8F42-8DB642061C25}.Debug|Any CPU.ActiveCfg = Debug|Any CPU
		{A196A95B-149C-460A-8F42-8DB642061C25}.Debug|Any CPU.Build.0 = Debug|Any CPU
		{A196A95B-149C-460A-8F42-8DB642061C25}.Release|Any CPU.ActiveCfg = Release|Any CPU
		{A196A95B-149C-460A-8F42-8DB642061C25}.Release|Any CPU.Build.0 = Release|Any CPU
		{68EA0C8E-4E74-4FDB-AE81-F55C3E723FFA}.Debug|Any CPU.ActiveCfg = Debug|Any CPU
		{68EA0C8E-4E74-4FDB-AE81-F55C3E723FFA}.Debug|Any CPU.Build.0 = Debug|Any CPU
		{68EA0C8E-4E74-4FDB-AE81-F55C3E723FFA}.Release|Any CPU.ActiveCfg = Release|Any CPU
		{68EA0C8E-4E74-4FDB-AE81-F55C3E723FFA}.Release|Any CPU.Build.0 = Release|Any CPU
		{D347AF72-3255-4A22-B223-8B35A0197419}.Debug|Any CPU.ActiveCfg = Debug|Any CPU
		{D347AF72-3255-4A22-B223-8B35A0197419}.Debug|Any CPU.Build.0 = Debug|Any CPU
		{D347AF72-3255-4A22-B223-8B35A0197419}.Release|Any CPU.ActiveCfg = Release|Any CPU
		{D347AF72-3255-4A22-B223-8B35A0197419}.Release|Any CPU.Build.0 = Release|Any CPU
		{EEE37B7B-4EDB-44EB-9CCC-3B064EC5936B}.Debug|Any CPU.ActiveCfg = Debug|Any CPU
		{EEE37B7B-4EDB-44EB-9CCC-3B064EC5936B}.Debug|Any CPU.Build.0 = Debug|Any CPU
		{EEE37B7B-4EDB-44EB-9CCC-3B064EC5936B}.Release|Any CPU.ActiveCfg = Release|Any CPU
		{EEE37B7B-4EDB-44EB-9CCC-3B064EC5936B}.Release|Any CPU.Build.0 = Release|Any CPU
		{3554B15B-D15F-4BF4-8A8A-29E6B292E728}.Debug|Any CPU.ActiveCfg = Debug|Any CPU
		{3554B15B-D15F-4BF4-8A8A-29E6B292E728}.Debug|Any CPU.Build.0 = Debug|Any CPU
		{3554B15B-D15F-4BF4-8A8A-29E6B292E728}.Release|Any CPU.ActiveCfg = Release|Any CPU
		{3554B15B-D15F-4BF4-8A8A-29E6B292E728}.Release|Any CPU.Build.0 = Release|Any CPU
		{BB9C8814-7E5B-4509-B79B-7BEFA59832C0}.Debug|Any CPU.ActiveCfg = Debug|Any CPU
		{BB9C8814-7E5B-4509-B79B-7BEFA59832C0}.Debug|Any CPU.Build.0 = Debug|Any CPU
		{BB9C8814-7E5B-4509-B79B-7BEFA59832C0}.Release|Any CPU.ActiveCfg = Release|Any CPU
		{BB9C8814-7E5B-4509-B79B-7BEFA59832C0}.Release|Any CPU.Build.0 = Release|Any CPU
		{1DAEF25E-CBD4-4E93-900B-C67E4DD7C3FD}.Debug|Any CPU.ActiveCfg = Debug|Any CPU
		{1DAEF25E-CBD4-4E93-900B-C67E4DD7C3FD}.Debug|Any CPU.Build.0 = Debug|Any CPU
		{1DAEF25E-CBD4-4E93-900B-C67E4DD7C3FD}.Release|Any CPU.ActiveCfg = Release|Any CPU
		{1DAEF25E-CBD4-4E93-900B-C67E4DD7C3FD}.Release|Any CPU.Build.0 = Release|Any CPU
		{A1CDBE81-8777-40B3-BE29-CF0AE334A19F}.Debug|Any CPU.ActiveCfg = Debug|Any CPU
		{A1CDBE81-8777-40B3-BE29-CF0AE334A19F}.Debug|Any CPU.Build.0 = Debug|Any CPU
		{A1CDBE81-8777-40B3-BE29-CF0AE334A19F}.Release|Any CPU.ActiveCfg = Release|Any CPU
		{A1CDBE81-8777-40B3-BE29-CF0AE334A19F}.Release|Any CPU.Build.0 = Release|Any CPU
		{A611A839-9C00-48DD-B84D-D96BE69C5ABF}.Debug|Any CPU.ActiveCfg = Debug|Any CPU
		{A611A839-9C00-48DD-B84D-D96BE69C5ABF}.Debug|Any CPU.Build.0 = Debug|Any CPU
		{A611A839-9C00-48DD-B84D-D96BE69C5ABF}.Release|Any CPU.ActiveCfg = Release|Any CPU
		{A611A839-9C00-48DD-B84D-D96BE69C5ABF}.Release|Any CPU.Build.0 = Release|Any CPU
		{B4DB37E5-D7C3-48A0-A4DF-E0D2A8A07E31}.Debug|Any CPU.ActiveCfg = Debug|Any CPU
		{B4DB37E5-D7C3-48A0-A4DF-E0D2A8A07E31}.Debug|Any CPU.Build.0 = Debug|Any CPU
		{B4DB37E5-D7C3-48A0-A4DF-E0D2A8A07E31}.Release|Any CPU.ActiveCfg = Release|Any CPU
		{B4DB37E5-D7C3-48A0-A4DF-E0D2A8A07E31}.Release|Any CPU.Build.0 = Release|Any CPU
		{E9A31D2B-E7A2-453C-8428-0E8E768A1826}.Debug|Any CPU.ActiveCfg = Debug|Any CPU
		{E9A31D2B-E7A2-453C-8428-0E8E768A1826}.Debug|Any CPU.Build.0 = Debug|Any CPU
		{E9A31D2B-E7A2-453C-8428-0E8E768A1826}.Release|Any CPU.ActiveCfg = Release|Any CPU
		{E9A31D2B-E7A2-453C-8428-0E8E768A1826}.Release|Any CPU.Build.0 = Release|Any CPU
		{5626FB6E-433C-4236-9BEC-38170CC5EFB8}.Debug|Any CPU.ActiveCfg = Debug|Any CPU
		{5626FB6E-433C-4236-9BEC-38170CC5EFB8}.Debug|Any CPU.Build.0 = Debug|Any CPU
		{5626FB6E-433C-4236-9BEC-38170CC5EFB8}.Release|Any CPU.ActiveCfg = Release|Any CPU
		{5626FB6E-433C-4236-9BEC-38170CC5EFB8}.Release|Any CPU.Build.0 = Release|Any CPU
	EndGlobalSection
	GlobalSection(SolutionProperties) = preSolution
		HideSolutionNode = FALSE
	EndGlobalSection
	GlobalSection(NestedProjects) = preSolution
		{F113B75C-391D-4747-9DA7-4E3ECA3B4623} = {94F5D2A9-EF65-4003-9523-9E0934821C71}
		{FF0A237E-B2DC-4A33-89B7-33BEEE4A674E} = {94F5D2A9-EF65-4003-9523-9E0934821C71}
		{92116528-834D-4C6A-BD73-32A11825EC0E} = {94F5D2A9-EF65-4003-9523-9E0934821C71}
		{41BB4018-97F1-43B4-A356-13FADF518B5B} = {94F5D2A9-EF65-4003-9523-9E0934821C71}
		{3A7D7756-607E-4C89-B5CB-FB97F84E6A14} = {FF0A237E-B2DC-4A33-89B7-33BEEE4A674E}
		{CB9C578C-A092-436F-AF76-18A6A7594094} = {FF0A237E-B2DC-4A33-89B7-33BEEE4A674E}
		{2612653E-B40D-423E-8DAD-83BEFE63A3AE} = {92116528-834D-4C6A-BD73-32A11825EC0E}
		{43BBF856-F392-4393-9DF6-994B180C8516} = {92116528-834D-4C6A-BD73-32A11825EC0E}
		{20DE2F09-4832-4F03-8D3F-E1FB9F32144E} = {92116528-834D-4C6A-BD73-32A11825EC0E}
		{C259F767-94DB-4509-A1E0-098C165570CE} = {92116528-834D-4C6A-BD73-32A11825EC0E}
		{3CC2DBC9-1CE6-482C-A752-FDEFBABA1F7B} = {92116528-834D-4C6A-BD73-32A11825EC0E}
		{E58FA72D-28D6-4D0F-AD6D-E006CB740B38} = {92116528-834D-4C6A-BD73-32A11825EC0E}
		{885D3390-EFD7-4ECA-ADF2-5432E535038B} = {FF0A237E-B2DC-4A33-89B7-33BEEE4A674E}
		{E6CE4B92-4D6D-4C8A-BDEB-5222ACC63B55} = {FF0A237E-B2DC-4A33-89B7-33BEEE4A674E}
		{DE1A9A80-BD62-4798-9AA2-3B46CF80B270} = {FF0A237E-B2DC-4A33-89B7-33BEEE4A674E}
		{A5B64C8C-FC3D-4ADB-AA13-C3CA5742C71E} = {2612653E-B40D-423E-8DAD-83BEFE63A3AE}
		{004EC43A-58EC-493B-9878-65CE1EC4A6F7} = {2612653E-B40D-423E-8DAD-83BEFE63A3AE}
		{CB388E4D-DA7E-497C-B6F7-48DB2646E458} = {2612653E-B40D-423E-8DAD-83BEFE63A3AE}
		{65DA1CBD-FB39-4E64-9E0A-2B94BAD43B6B} = {20DE2F09-4832-4F03-8D3F-E1FB9F32144E}
		{9681762B-CFBC-4956-A011-47673C55FE7A} = {43BBF856-F392-4393-9DF6-994B180C8516}
		{1AA20E73-1A42-42D2-A71B-7A5C3D2EE329} = {3CC2DBC9-1CE6-482C-A752-FDEFBABA1F7B}
		{A196A95B-149C-460A-8F42-8DB642061C25} = {C259F767-94DB-4509-A1E0-098C165570CE}
		{68EA0C8E-4E74-4FDB-AE81-F55C3E723FFA} = {E58FA72D-28D6-4D0F-AD6D-E006CB740B38}
		{D347AF72-3255-4A22-B223-8B35A0197419} = {41BB4018-97F1-43B4-A356-13FADF518B5B}
		{EEE37B7B-4EDB-44EB-9CCC-3B064EC5936B} = {F113B75C-391D-4747-9DA7-4E3ECA3B4623}
		{3554B15B-D15F-4BF4-8A8A-29E6B292E728} = {43BBF856-F392-4393-9DF6-994B180C8516}
		{BB9C8814-7E5B-4509-B79B-7BEFA59832C0} = {43BBF856-F392-4393-9DF6-994B180C8516}
		{1DAEF25E-CBD4-4E93-900B-C67E4DD7C3FD} = {20DE2F09-4832-4F03-8D3F-E1FB9F32144E}
		{A1CDBE81-8777-40B3-BE29-CF0AE334A19F} = {20DE2F09-4832-4F03-8D3F-E1FB9F32144E}
		{A611A839-9C00-48DD-B84D-D96BE69C5ABF} = {C259F767-94DB-4509-A1E0-098C165570CE}
		{B4DB37E5-D7C3-48A0-A4DF-E0D2A8A07E31} = {C259F767-94DB-4509-A1E0-098C165570CE}
		{E9A31D2B-E7A2-453C-8428-0E8E768A1826} = {C259F767-94DB-4509-A1E0-098C165570CE}
		{5626FB6E-433C-4236-9BEC-38170CC5EFB8} = {C259F767-94DB-4509-A1E0-098C165570CE}
	EndGlobalSection
EndGlobal
