Microsoft Visual Studio Solution File, Format Version 12.00
# Visual Studio Version 17
VisualStudioVersion = 17.5.2.0
MinimumVisualStudioVersion = 10.0.40219.1
Project("{2150E333-8FDC-42A3-9474-1A3956D46DE8}") = "ApiGateways", "ApiGateways", "{8450CF56-5DC7-366A-AE0A-4A8614F474CF}"
EndProject
Project("{2150E333-8FDC-42A3-9474-1A3956D46DE8}") = "BuildingBlocks", "BuildingBlocks", "{7266C4A9-E384-DC00-0EB6-47F6002CFBA7}"
EndProject
Project("{2150E333-8FDC-42A3-9474-1A3956D46DE8}") = "Services", "Services", "{5854FF58-B8C5-05C6-5BF2-ACE42193F22B}"
EndProject
Project("{2150E333-8FDC-42A3-9474-1A3956D46DE8}") = "WebApps", "WebApps", "{EAD677E5-AD0E-6F13-EC1D-8BBE0583BABB}"
EndProject
Project("{FAE04EC0-301F-11D3-BF4B-00C04F79EFBC}") = "OcelotApiGateway", "ApiGateways\OcelotApiGateway\OcelotApiGateway.csproj", "{7EA95B29-CB53-ECFC-763C-8FEA614D9AC7}"
EndProject
Project("{FAE04EC0-301F-11D3-BF4B-00C04F79EFBC}") = "Common.Logging", "BuildingBlocks\Common.Logging\Common.Logging.csproj", "{16DA4C28-EEF4-7CB4-D2C6-5987713014C6}"
EndProject
Project("{FAE04EC0-301F-11D3-BF4B-00C04F79EFBC}") = "Contracts", "BuildingBlocks\Contracts\Contracts.csproj", "{C3AB7407-8DE7-538E-2405-CA99F73B0347}"
EndProject
Project("{FAE04EC0-301F-11D3-BF4B-00C04F79EFBC}") = "EventBus.Messages", "BuildingBlocks\EventBus.Messages\EventBus.Messages.csproj", "{099A4936-A2B9-A6B8-7950-5C4552469766}"
EndProject
Project("{FAE04EC0-301F-11D3-BF4B-00C04F79EFBC}") = "Infrastructure", "BuildingBlocks\Infrastructure\Infrastructure.csproj", "{E89B51E9-AEF2-BD5F-DD32-25725B0279B5}"
EndProject
Project("{FAE04EC0-301F-11D3-BF4B-00C04F79EFBC}") = "Shared", "BuildingBlocks\Shared\Shared.csproj", "{C815FBBF-10BB-A3BD-335A-D8CD3D742AF3}"
EndProject
Project("{FAE04EC0-301F-11D3-BF4B-00C04F79EFBC}") = "Basket.API", "Services\Basket.API\Basket.API.csproj", "{EFE39741-07E3-C133-6CC5-8B9A81CC4175}"
EndProject
Project("{FAE04EC0-301F-11D3-BF4B-00C04F79EFBC}") = "Customer.API", "Services\Customer.API\Customer.API.csproj", "{E421D843-8DEA-7764-D52C-75146CEB935E}"
EndProject
Project("{FAE04EC0-301F-11D3-BF4B-00C04F79EFBC}") = "Hangfire.API", "Services\Hangfire.API\Hangfire.API.csproj", "{C13B5E88-D141-7E16-FFF3-1A15275C4882}"
EndProject
Project("{FAE04EC0-301F-11D3-BF4B-00C04F79EFBC}") = "Inventory.Product.API", "Services\Inventory.Product.API\Inventory.Product.API.csproj", "{A0638EB6-61C5-E143-722E-59E85175149B}"
EndProject
Project("{FAE04EC0-301F-11D3-BF4B-00C04F79EFBC}") = "Ordering.API", "Services\Ordering.API\Ordering.API.csproj", "{2F004925-6738-41A7-A461-B37DD4099E96}"
EndProject
Project("{FAE04EC0-301F-11D3-BF4B-00C04F79EFBC}") = "Product.API", "Services\Product.API\Product.API.csproj", "{9C6C2E61-628E-B4EB-D1F2-0463FA7FC396}"
EndProject
Project("{FAE04EC0-301F-11D3-BF4B-00C04F79EFBC}") = "WebHealthStatus", "WebApps\WebHealthStatus\WebHealthStatus.csproj", "{02BFF429-5686-A171-633C-FB90C960708E}"
EndProject
Global
	GlobalSection(SolutionConfigurationPlatforms) = preSolution
		Debug|Any CPU = Debug|Any CPU
		Release|Any CPU = Release|Any CPU
	EndGlobalSection
	GlobalSection(ProjectConfigurationPlatforms) = postSolution
		{7EA95B29-CB53-ECFC-763C-8FEA614D9AC7}.Debug|Any CPU.ActiveCfg = Debug|Any CPU
		{7EA95B29-CB53-ECFC-763C-8FEA614D9AC7}.Debug|Any CPU.Build.0 = Debug|Any CPU
		{7EA95B29-CB53-ECFC-763C-8FEA614D9AC7}.Release|Any CPU.ActiveCfg = Release|Any CPU
		{7EA95B29-CB53-ECFC-763C-8FEA614D9AC7}.Release|Any CPU.Build.0 = Release|Any CPU
		{16DA4C28-EEF4-7CB4-D2C6-5987713014C6}.Debug|Any CPU.ActiveCfg = Debug|Any CPU
		{16DA4C28-EEF4-7CB4-D2C6-5987713014C6}.Debug|Any CPU.Build.0 = Debug|Any CPU
		{16DA4C28-EEF4-7CB4-D2C6-5987713014C6}.Release|Any CPU.ActiveCfg = Release|Any CPU
		{16DA4C28-EEF4-7CB4-D2C6-5987713014C6}.Release|Any CPU.Build.0 = Release|Any CPU
		{C3AB7407-8DE7-538E-2405-CA99F73B0347}.Debug|Any CPU.ActiveCfg = Debug|Any CPU
		{C3AB7407-8DE7-538E-2405-CA99F73B0347}.Debug|Any CPU.Build.0 = Debug|Any CPU
		{C3AB7407-8DE7-538E-2405-CA99F73B0347}.Release|Any CPU.ActiveCfg = Release|Any CPU
		{C3AB7407-8DE7-538E-2405-CA99F73B0347}.Release|Any CPU.Build.0 = Release|Any CPU
		{099A4936-A2B9-A6B8-7950-5C4552469766}.Debug|Any CPU.ActiveCfg = Debug|Any CPU
		{099A4936-A2B9-A6B8-7950-5C4552469766}.Debug|Any CPU.Build.0 = Debug|Any CPU
		{099A4936-A2B9-A6B8-7950-5C4552469766}.Release|Any CPU.ActiveCfg = Release|Any CPU
		{099A4936-A2B9-A6B8-7950-5C4552469766}.Release|Any CPU.Build.0 = Release|Any CPU
		{E89B51E9-AEF2-BD5F-DD32-25725B0279B5}.Debug|Any CPU.ActiveCfg = Debug|Any CPU
		{E89B51E9-AEF2-BD5F-DD32-25725B0279B5}.Debug|Any CPU.Build.0 = Debug|Any CPU
		{E89B51E9-AEF2-BD5F-DD32-25725B0279B5}.Release|Any CPU.ActiveCfg = Release|Any CPU
		{E89B51E9-AEF2-BD5F-DD32-25725B0279B5}.Release|Any CPU.Build.0 = Release|Any CPU
		{C815FBBF-10BB-A3BD-335A-D8CD3D742AF3}.Debug|Any CPU.ActiveCfg = Debug|Any CPU
		{C815FBBF-10BB-A3BD-335A-D8CD3D742AF3}.Debug|Any CPU.Build.0 = Debug|Any CPU
		{C815FBBF-10BB-A3BD-335A-D8CD3D742AF3}.Release|Any CPU.ActiveCfg = Release|Any CPU
		{C815FBBF-10BB-A3BD-335A-D8CD3D742AF3}.Release|Any CPU.Build.0 = Release|Any CPU
		{EFE39741-07E3-C133-6CC5-8B9A81CC4175}.Debug|Any CPU.ActiveCfg = Debug|Any CPU
		{EFE39741-07E3-C133-6CC5-8B9A81CC4175}.Debug|Any CPU.Build.0 = Debug|Any CPU
		{EFE39741-07E3-C133-6CC5-8B9A81CC4175}.Release|Any CPU.ActiveCfg = Release|Any CPU
		{EFE39741-07E3-C133-6CC5-8B9A81CC4175}.Release|Any CPU.Build.0 = Release|Any CPU
		{E421D843-8DEA-7764-D52C-75146CEB935E}.Debug|Any CPU.ActiveCfg = Debug|Any CPU
		{E421D843-8DEA-7764-D52C-75146CEB935E}.Debug|Any CPU.Build.0 = Debug|Any CPU
		{E421D843-8DEA-7764-D52C-75146CEB935E}.Release|Any CPU.ActiveCfg = Release|Any CPU
		{E421D843-8DEA-7764-D52C-75146CEB935E}.Release|Any CPU.Build.0 = Release|Any CPU
		{C13B5E88-D141-7E16-FFF3-1A15275C4882}.Debug|Any CPU.ActiveCfg = Debug|Any CPU
		{C13B5E88-D141-7E16-FFF3-1A15275C4882}.Debug|Any CPU.Build.0 = Debug|Any CPU
		{C13B5E88-D141-7E16-FFF3-1A15275C4882}.Release|Any CPU.ActiveCfg = Release|Any CPU
		{C13B5E88-D141-7E16-FFF3-1A15275C4882}.Release|Any CPU.Build.0 = Release|Any CPU
		{A0638EB6-61C5-E143-722E-59E85175149B}.Debug|Any CPU.ActiveCfg = Debug|Any CPU
		{A0638EB6-61C5-E143-722E-59E85175149B}.Debug|Any CPU.Build.0 = Debug|Any CPU
		{A0638EB6-61C5-E143-722E-59E85175149B}.Release|Any CPU.ActiveCfg = Release|Any CPU
		{A0638EB6-61C5-E143-722E-59E85175149B}.Release|Any CPU.Build.0 = Release|Any CPU
		{2F004925-6738-41A7-A461-B37DD4099E96}.Debug|Any CPU.ActiveCfg = Debug|Any CPU
		{2F004925-6738-41A7-A461-B37DD4099E96}.Debug|Any CPU.Build.0 = Debug|Any CPU
		{2F004925-6738-41A7-A461-B37DD4099E96}.Release|Any CPU.ActiveCfg = Release|Any CPU
		{2F004925-6738-41A7-A461-B37DD4099E96}.Release|Any CPU.Build.0 = Release|Any CPU
		{9C6C2E61-628E-B4EB-D1F2-0463FA7FC396}.Debug|Any CPU.ActiveCfg = Debug|Any CPU
		{9C6C2E61-628E-B4EB-D1F2-0463FA7FC396}.Debug|Any CPU.Build.0 = Debug|Any CPU
		{9C6C2E61-628E-B4EB-D1F2-0463FA7FC396}.Release|Any CPU.ActiveCfg = Release|Any CPU
		{9C6C2E61-628E-B4EB-D1F2-0463FA7FC396}.Release|Any CPU.Build.0 = Release|Any CPU
		{02BFF429-5686-A171-633C-FB90C960708E}.Debug|Any CPU.ActiveCfg = Debug|Any CPU
		{02BFF429-5686-A171-633C-FB90C960708E}.Debug|Any CPU.Build.0 = Debug|Any CPU
		{02BFF429-5686-A171-633C-FB90C960708E}.Release|Any CPU.ActiveCfg = Release|Any CPU
		{02BFF429-5686-A171-633C-FB90C960708E}.Release|Any CPU.Build.0 = Release|Any CPU
	EndGlobalSection
	GlobalSection(SolutionProperties) = preSolution
		HideSolutionNode = FALSE
	EndGlobalSection
	GlobalSection(NestedProjects) = preSolution
		{7EA95B29-CB53-ECFC-763C-8FEA614D9AC7} = {8450CF56-5DC7-366A-AE0A-4A8614F474CF}
		{16DA4C28-EEF4-7CB4-D2C6-5987713014C6} = {7266C4A9-E384-DC00-0EB6-47F6002CFBA7}
		{C3AB7407-8DE7-538E-2405-CA99F73B0347} = {7266C4A9-E384-DC00-0EB6-47F6002CFBA7}
		{099A4936-A2B9-A6B8-7950-5C4552469766} = {7266C4A9-E384-DC00-0EB6-47F6002CFBA7}
		{E89B51E9-AEF2-BD5F-DD32-25725B0279B5} = {7266C4A9-E384-DC00-0EB6-47F6002CFBA7}
		{C815FBBF-10BB-A3BD-335A-D8CD3D742AF3} = {7266C4A9-E384-DC00-0EB6-47F6002CFBA7}
		{EFE39741-07E3-C133-6CC5-8B9A81CC4175} = {5854FF58-B8C5-05C6-5BF2-ACE42193F22B}
		{E421D843-8DEA-7764-D52C-75146CEB935E} = {5854FF58-B8C5-05C6-5BF2-ACE42193F22B}
		{C13B5E88-D141-7E16-FFF3-1A15275C4882} = {5854FF58-B8C5-05C6-5BF2-ACE42193F22B}
		{A0638EB6-61C5-E143-722E-59E85175149B} = {5854FF58-B8C5-05C6-5BF2-ACE42193F22B}
		{2F004925-6738-41A7-A461-B37DD4099E96} = {5854FF58-B8C5-05C6-5BF2-ACE42193F22B}
		{9C6C2E61-628E-B4EB-D1F2-0463FA7FC396} = {5854FF58-B8C5-05C6-5BF2-ACE42193F22B}
		{02BFF429-5686-A171-633C-FB90C960708E} = {EAD677E5-AD0E-6F13-EC1D-8BBE0583BABB}
	EndGlobalSection
	GlobalSection(ExtensibilityGlobals) = postSolution
		SolutionGuid = {45524ADA-451D-4688-B13E-D2B6C4686A8B}
	EndGlobalSection
EndGlobal
