Microsoft Visual Studio Solution File, Format Version 12.00
# Visual Studio Version 17
VisualStudioVersion = 17.5.2.0
MinimumVisualStudioVersion = 10.0.40219.1
Project("{2150E333-8FDC-42A3-9474-1A3956D46DE8}") = "ApiGateways", "ApiGateways", "{8450CF56-5DC7-366A-AE0A-4A8614F474CF}"
EndProject
Project("{2150E333-8FDC-42A3-9474-1A3956D46DE8}") = "BuildingBlocks", "BuildingBlocks", "{7266C4A9-E384-DC00-0EB6-47F6002CFBA7}"
EndProject
Project("{2150E333-8FDC-42A3-9474-1A3956D46DE8}") = "Services", "Services", "{5854FF58-B8C5-05C6-5BF2-ACE42193F22B}"
EndProject
Project("{2150E333-8FDC-42A3-9474-1A3956D46DE8}") = "WebApps", "WebApps", "{EAD677E5-AD0E-6F13-EC1D-8BBE0583BABB}"
EndProject
Project("{FAE04EC0-301F-11D3-BF4B-00C04F79EFBC}") = "OcelotApiGateway", "ApiGateways\OcelotApiGateway\OcelotApiGateway.csproj", "{7EA95B29-CB53-ECFC-763C-8FEA614D9AC7}"
EndProject
Project("{FAE04EC0-301F-11D3-BF4B-00C04F79EFBC}") = "Common.Logging", "BuildingBlocks\Common.Logging\Common.Logging.csproj", "{16DA4C28-EEF4-7CB4-D2C6-5987713014C6}"
EndProject
Project("{FAE04EC0-301F-11D3-BF4B-00C04F79EFBC}") = "Contracts", "BuildingBlocks\Contracts\Contracts.csproj", "{C3AB7407-8DE7-538E-2405-CA99F73B0347}"
EndProject
Project("{FAE04EC0-301F-11D3-BF4B-00C04F79EFBC}") = "EventBus.Messages", "BuildingBlocks\EventBus.Messages\EventBus.Messages.csproj", "{099A4936-A2B9-A6B8-7950-5C4552469766}"
EndProject
Project("{FAE04EC0-301F-11D3-BF4B-00C04F79EFBC}") = "Infrastructure", "BuildingBlocks\Infrastructure\Infrastructure.csproj", "{E89B51E9-AEF2-BD5F-DD32-25725B0279B5}"
EndProject
Project("{FAE04EC0-301F-11D3-BF4B-00C04F79EFBC}") = "Shared", "BuildingBlocks\Shared\Shared.csproj", "{C815FBBF-10BB-A3BD-335A-D8CD3D742AF3}"
EndProject
Project("{FAE04EC0-301F-11D3-BF4B-00C04F79EFBC}") = "WebHealthStatus", "WebApps\WebHealthStatus\WebHealthStatus.csproj", "{02BFF429-5686-A171-633C-FB90C960708E}"
EndProject
Project("{2150E333-8FDC-42A3-9474-1A3956D46DE8}") = "Product", "Product", "{7E950394-9794-4DD3-A69E-F5F02E6A46E2}"
EndProject
Project("{FAE04EC0-301F-11D3-BF4B-00C04F79EFBC}") = "Product.API", "Services\Product\Product.API\Product.API.csproj", "{F6FA0508-9FD2-4F9C-AE32-3C5FC147008D}"
EndProject
Project("{FAE04EC0-301F-11D3-BF4B-00C04F79EFBC}") = "Product.Repositories", "Services\Product\Product.Repositories\Product.Repositories.csproj", "{275091B3-98E2-4798-BEE3-F0DC9C78572F}"
EndProject
Project("{FAE04EC0-301F-11D3-BF4B-00C04F79EFBC}") = "Product.Services", "Services\Product\Product.Services\Product.Services.csproj", "{9898A0B9-592A-4B71-A20D-AD102BA546FD}"
EndProject
Global
	GlobalSection(SolutionConfigurationPlatforms) = preSolution
		Debug|Any CPU = Debug|Any CPU
		Release|Any CPU = Release|Any CPU
	EndGlobalSection
	GlobalSection(ProjectConfigurationPlatforms) = postSolution
		{7EA95B29-CB53-ECFC-763C-8FEA614D9AC7}.Debug|Any CPU.ActiveCfg = Debug|Any CPU
		{7EA95B29-CB53-ECFC-763C-8FEA614D9AC7}.Debug|Any CPU.Build.0 = Debug|Any CPU
		{7EA95B29-CB53-ECFC-763C-8FEA614D9AC7}.Release|Any CPU.ActiveCfg = Release|Any CPU
		{7EA95B29-CB53-ECFC-763C-8FEA614D9AC7}.Release|Any CPU.Build.0 = Release|Any CPU
		{16DA4C28-EEF4-7CB4-D2C6-5987713014C6}.Debug|Any CPU.ActiveCfg = Debug|Any CPU
		{16DA4C28-EEF4-7CB4-D2C6-5987713014C6}.Debug|Any CPU.Build.0 = Debug|Any CPU
		{16DA4C28-EEF4-7CB4-D2C6-5987713014C6}.Release|Any CPU.ActiveCfg = Release|Any CPU
		{16DA4C28-EEF4-7CB4-D2C6-5987713014C6}.Release|Any CPU.Build.0 = Release|Any CPU
		{C3AB7407-8DE7-538E-2405-CA99F73B0347}.Debug|Any CPU.ActiveCfg = Debug|Any CPU
		{C3AB7407-8DE7-538E-2405-CA99F73B0347}.Debug|Any CPU.Build.0 = Debug|Any CPU
		{C3AB7407-8DE7-538E-2405-CA99F73B0347}.Release|Any CPU.ActiveCfg = Release|Any CPU
		{C3AB7407-8DE7-538E-2405-CA99F73B0347}.Release|Any CPU.Build.0 = Release|Any CPU
		{099A4936-A2B9-A6B8-7950-5C4552469766}.Debug|Any CPU.ActiveCfg = Debug|Any CPU
		{099A4936-A2B9-A6B8-7950-5C4552469766}.Debug|Any CPU.Build.0 = Debug|Any CPU
		{099A4936-A2B9-A6B8-7950-5C4552469766}.Release|Any CPU.ActiveCfg = Release|Any CPU
		{099A4936-A2B9-A6B8-7950-5C4552469766}.Release|Any CPU.Build.0 = Release|Any CPU
		{E89B51E9-AEF2-BD5F-DD32-25725B0279B5}.Debug|Any CPU.ActiveCfg = Debug|Any CPU
		{E89B51E9-AEF2-BD5F-DD32-25725B0279B5}.Debug|Any CPU.Build.0 = Debug|Any CPU
		{E89B51E9-AEF2-BD5F-DD32-25725B0279B5}.Release|Any CPU.ActiveCfg = Release|Any CPU
		{E89B51E9-AEF2-BD5F-DD32-25725B0279B5}.Release|Any CPU.Build.0 = Release|Any CPU
		{C815FBBF-10BB-A3BD-335A-D8CD3D742AF3}.Debug|Any CPU.ActiveCfg = Debug|Any CPU
		{C815FBBF-10BB-A3BD-335A-D8CD3D742AF3}.Debug|Any CPU.Build.0 = Debug|Any CPU
		{C815FBBF-10BB-A3BD-335A-D8CD3D742AF3}.Release|Any CPU.ActiveCfg = Release|Any CPU
		{C815FBBF-10BB-A3BD-335A-D8CD3D742AF3}.Release|Any CPU.Build.0 = Release|Any CPU
		{02BFF429-5686-A171-633C-FB90C960708E}.Debug|Any CPU.ActiveCfg = Debug|Any CPU
		{02BFF429-5686-A171-633C-FB90C960708E}.Debug|Any CPU.Build.0 = Debug|Any CPU
		{02BFF429-5686-A171-633C-FB90C960708E}.Release|Any CPU.ActiveCfg = Release|Any CPU
		{02BFF429-5686-A171-633C-FB90C960708E}.Release|Any CPU.Build.0 = Release|Any CPU
		{F6FA0508-9FD2-4F9C-AE32-3C5FC147008D}.Debug|Any CPU.ActiveCfg = Debug|Any CPU
		{F6FA0508-9FD2-4F9C-AE32-3C5FC147008D}.Debug|Any CPU.Build.0 = Debug|Any CPU
		{F6FA0508-9FD2-4F9C-AE32-3C5FC147008D}.Release|Any CPU.ActiveCfg = Release|Any CPU
		{F6FA0508-9FD2-4F9C-AE32-3C5FC147008D}.Release|Any CPU.Build.0 = Release|Any CPU
		{275091B3-98E2-4798-BEE3-F0DC9C78572F}.Debug|Any CPU.ActiveCfg = Debug|Any CPU
		{275091B3-98E2-4798-BEE3-F0DC9C78572F}.Debug|Any CPU.Build.0 = Debug|Any CPU
		{275091B3-98E2-4798-BEE3-F0DC9C78572F}.Release|Any CPU.ActiveCfg = Release|Any CPU
		{275091B3-98E2-4798-BEE3-F0DC9C78572F}.Release|Any CPU.Build.0 = Release|Any CPU
		{9898A0B9-592A-4B71-A20D-AD102BA546FD}.Debug|Any CPU.ActiveCfg = Debug|Any CPU
		{9898A0B9-592A-4B71-A20D-AD102BA546FD}.Debug|Any CPU.Build.0 = Debug|Any CPU
		{9898A0B9-592A-4B71-A20D-AD102BA546FD}.Release|Any CPU.ActiveCfg = Release|Any CPU
		{9898A0B9-592A-4B71-A20D-AD102BA546FD}.Release|Any CPU.Build.0 = Release|Any CPU
	EndGlobalSection
	GlobalSection(SolutionProperties) = preSolution
		HideSolutionNode = FALSE
	EndGlobalSection
	GlobalSection(NestedProjects) = preSolution
		{7EA95B29-CB53-ECFC-763C-8FEA614D9AC7} = {8450CF56-5DC7-366A-AE0A-4A8614F474CF}
		{16DA4C28-EEF4-7CB4-D2C6-5987713014C6} = {7266C4A9-E384-DC00-0EB6-47F6002CFBA7}
		{C3AB7407-8DE7-538E-2405-CA99F73B0347} = {7266C4A9-E384-DC00-0EB6-47F6002CFBA7}
		{099A4936-A2B9-A6B8-7950-5C4552469766} = {7266C4A9-E384-DC00-0EB6-47F6002CFBA7}
		{E89B51E9-AEF2-BD5F-DD32-25725B0279B5} = {7266C4A9-E384-DC00-0EB6-47F6002CFBA7}
		{C815FBBF-10BB-A3BD-335A-D8CD3D742AF3} = {7266C4A9-E384-DC00-0EB6-47F6002CFBA7}
		{02BFF429-5686-A171-633C-FB90C960708E} = {EAD677E5-AD0E-6F13-EC1D-8BBE0583BABB}
		{7E950394-9794-4DD3-A69E-F5F02E6A46E2} = {5854FF58-B8C5-05C6-5BF2-ACE42193F22B}
		{F6FA0508-9FD2-4F9C-AE32-3C5FC147008D} = {7E950394-9794-4DD3-A69E-F5F02E6A46E2}
		{275091B3-98E2-4798-BEE3-F0DC9C78572F} = {7E950394-9794-4DD3-A69E-F5F02E6A46E2}
		{9898A0B9-592A-4B71-A20D-AD102BA546FD} = {7E950394-9794-4DD3-A69E-F5F02E6A46E2}
	EndGlobalSection
	GlobalSection(ExtensibilityGlobals) = postSolution
		SolutionGuid = {45524ADA-451D-4688-B13E-D2B6C4686A8B}
	EndGlobalSection
EndGlobal
